// !$*UTF8*$!
{
	archiveVersion = 1;
	classes = {
	};
	objectVersion = 51;
	objects = {

/* Begin PBXBuildFile section */
		1A56B46624B5648900254AC4 /* AppDelegate.swift in Sources */ = {isa = PBXBuildFile; fileRef = 1A56B46524B5648900254AC4 /* AppDelegate.swift */; };
		1A56B46824B5648900254AC4 /* SceneDelegate.swift in Sources */ = {isa = PBXBuildFile; fileRef = 1A56B46724B5648900254AC4 /* SceneDelegate.swift */; };
		1A56B46A24B5648900254AC4 /* ContentView.swift in Sources */ = {isa = PBXBuildFile; fileRef = 1A56B46924B5648900254AC4 /* ContentView.swift */; };
		1A56B46C24B5648B00254AC4 /* Assets.xcassets in Resources */ = {isa = PBXBuildFile; fileRef = 1A56B46B24B5648B00254AC4 /* Assets.xcassets */; };
		1A56B46F24B5648B00254AC4 /* Preview Assets.xcassets in Resources */ = {isa = PBXBuildFile; fileRef = 1A56B46E24B5648B00254AC4 /* Preview Assets.xcassets */; };
		1A56B47224B5648B00254AC4 /* LaunchScreen.storyboard in Resources */ = {isa = PBXBuildFile; fileRef = 1A56B47024B5648B00254AC4 /* LaunchScreen.storyboard */; };
		1A56B47D24B5648B00254AC4 /* transit_safety_appTests.swift in Sources */ = {isa = PBXBuildFile; fileRef = 1A56B47C24B5648B00254AC4 /* transit_safety_appTests.swift */; };
		1A56B48824B5648B00254AC4 /* transit_safety_appUITests.swift in Sources */ = {isa = PBXBuildFile; fileRef = 1A56B48724B5648B00254AC4 /* transit_safety_appUITests.swift */; };
		1A6B700B24CCD81C0074EAB5 /* MotherView.swift in Sources */ = {isa = PBXBuildFile; fileRef = 1A6B700A24CCD81C0074EAB5 /* MotherView.swift */; };
		1A6B700D24CCDA0A0074EAB5 /* ViewRouter.swift in Sources */ = {isa = PBXBuildFile; fileRef = 1A6B700C24CCDA0A0074EAB5 /* ViewRouter.swift */; };
		1A6B701324CE90F70074EAB5 /* MapResult.swift in Sources */ = {isa = PBXBuildFile; fileRef = 1A6B701224CE90F70074EAB5 /* MapResult.swift */; };
		1A6B701524CE9BC40074EAB5 /* MapResultViewController.swift in Sources */ = {isa = PBXBuildFile; fileRef = 1A6B701424CE9BC40074EAB5 /* MapResultViewController.swift */; };
		1A6B701724CEBA8A0074EAB5 /* SafetyTipsView.swift in Sources */ = {isa = PBXBuildFile; fileRef = 1A6B701624CEBA8A0074EAB5 /* SafetyTipsView.swift */; };
		1A6B701924CEBAAF0074EAB5 /* MondayView.swift in Sources */ = {isa = PBXBuildFile; fileRef = 1A6B701824CEBAAF0074EAB5 /* MondayView.swift */; };
		580A6CE1A7D1431FB6133EC6 /* Pods_transit_safety_appTests.framework in Frameworks */ = {isa = PBXBuildFile; fileRef = 2AAF14DEBD254A203245C03B /* Pods_transit_safety_appTests.framework */; };
		70862A0D24C3C3D900E867C6 /* GoogleService-Info.plist in Resources */ = {isa = PBXBuildFile; fileRef = 70862A0C24C3C3D900E867C6 /* GoogleService-Info.plist */; };
		70862A0E24C3C3D900E867C6 /* GoogleService-Info.plist in Resources */ = {isa = PBXBuildFile; fileRef = 70862A0C24C3C3D900E867C6 /* GoogleService-Info.plist */; };
		70862A0F24C3C3D900E867C6 /* GoogleService-Info.plist in Resources */ = {isa = PBXBuildFile; fileRef = 70862A0C24C3C3D900E867C6 /* GoogleService-Info.plist */; };
		70862A1724C3C5CD00E867C6 /* MapScreen.swift in Sources */ = {isa = PBXBuildFile; fileRef = 70862A1624C3C5CD00E867C6 /* MapScreen.swift */; };
		70862A1824C3C5CD00E867C6 /* MapScreen.swift in Sources */ = {isa = PBXBuildFile; fileRef = 70862A1624C3C5CD00E867C6 /* MapScreen.swift */; };
		70862A1924C3C5CD00E867C6 /* MapScreen.swift in Sources */ = {isa = PBXBuildFile; fileRef = 70862A1624C3C5CD00E867C6 /* MapScreen.swift */; };
		70862A1B24C3C5D900E867C6 /* CreateAccount.swift in Sources */ = {isa = PBXBuildFile; fileRef = 70862A1A24C3C5D900E867C6 /* CreateAccount.swift */; };
		70862A1C24C3C5D900E867C6 /* CreateAccount.swift in Sources */ = {isa = PBXBuildFile; fileRef = 70862A1A24C3C5D900E867C6 /* CreateAccount.swift */; };
		70862A1D24C3C5D900E867C6 /* CreateAccount.swift in Sources */ = {isa = PBXBuildFile; fileRef = 70862A1A24C3C5D900E867C6 /* CreateAccount.swift */; };
		B1D71C8D41D5B1EBF777238D /* Pods_transit_safety_app.framework in Frameworks */ = {isa = PBXBuildFile; fileRef = 421161654656A7BEA218088B /* Pods_transit_safety_app.framework */; };
		C8D5D26D536E08DFC8900045 /* Pods_transit_safety_app_transit_safety_appUITests.framework in Frameworks */ = {isa = PBXBuildFile; fileRef = D0B65FCFB893CD99445B23D7 /* Pods_transit_safety_app_transit_safety_appUITests.framework */; };
/* End PBXBuildFile section */

/* Begin PBXContainerItemProxy section */
		1A56B47924B5648B00254AC4 /* PBXContainerItemProxy */ = {
			isa = PBXContainerItemProxy;
			containerPortal = 1A56B45A24B5648900254AC4 /* Project object */;
			proxyType = 1;
			remoteGlobalIDString = 1A56B46124B5648900254AC4;
			remoteInfo = "transit safety app";
		};
		1A56B48424B5648B00254AC4 /* PBXContainerItemProxy */ = {
			isa = PBXContainerItemProxy;
			containerPortal = 1A56B45A24B5648900254AC4 /* Project object */;
			proxyType = 1;
			remoteGlobalIDString = 1A56B46124B5648900254AC4;
			remoteInfo = "transit safety app";
		};
/* End PBXContainerItemProxy section */

/* Begin PBXFileReference section */
		1A56B46224B5648900254AC4 /* transit safety app.app */ = {isa = PBXFileReference; explicitFileType = wrapper.application; includeInIndex = 0; path = "transit safety app.app"; sourceTree = BUILT_PRODUCTS_DIR; };
		1A56B46524B5648900254AC4 /* AppDelegate.swift */ = {isa = PBXFileReference; lastKnownFileType = sourcecode.swift; path = AppDelegate.swift; sourceTree = "<group>"; };
		1A56B46724B5648900254AC4 /* SceneDelegate.swift */ = {isa = PBXFileReference; lastKnownFileType = sourcecode.swift; path = SceneDelegate.swift; sourceTree = "<group>"; };
		1A56B46924B5648900254AC4 /* ContentView.swift */ = {isa = PBXFileReference; lastKnownFileType = sourcecode.swift; path = ContentView.swift; sourceTree = "<group>"; };
		1A56B46B24B5648B00254AC4 /* Assets.xcassets */ = {isa = PBXFileReference; lastKnownFileType = folder.assetcatalog; path = Assets.xcassets; sourceTree = "<group>"; };
		1A56B46E24B5648B00254AC4 /* Preview Assets.xcassets */ = {isa = PBXFileReference; lastKnownFileType = folder.assetcatalog; path = "Preview Assets.xcassets"; sourceTree = "<group>"; };
		1A56B47124B5648B00254AC4 /* Base */ = {isa = PBXFileReference; lastKnownFileType = file.storyboard; name = Base; path = Base.lproj/LaunchScreen.storyboard; sourceTree = "<group>"; };
		1A56B47324B5648B00254AC4 /* Info.plist */ = {isa = PBXFileReference; lastKnownFileType = text.plist.xml; path = Info.plist; sourceTree = "<group>"; };
		1A56B47824B5648B00254AC4 /* transit safety appTests.xctest */ = {isa = PBXFileReference; explicitFileType = wrapper.cfbundle; includeInIndex = 0; path = "transit safety appTests.xctest"; sourceTree = BUILT_PRODUCTS_DIR; };
		1A56B47C24B5648B00254AC4 /* transit_safety_appTests.swift */ = {isa = PBXFileReference; lastKnownFileType = sourcecode.swift; path = transit_safety_appTests.swift; sourceTree = "<group>"; };
		1A56B47E24B5648B00254AC4 /* Info.plist */ = {isa = PBXFileReference; lastKnownFileType = text.plist.xml; path = Info.plist; sourceTree = "<group>"; };
		1A56B48324B5648B00254AC4 /* transit safety appUITests.xctest */ = {isa = PBXFileReference; explicitFileType = wrapper.cfbundle; includeInIndex = 0; path = "transit safety appUITests.xctest"; sourceTree = BUILT_PRODUCTS_DIR; };
		1A56B48724B5648B00254AC4 /* transit_safety_appUITests.swift */ = {isa = PBXFileReference; lastKnownFileType = sourcecode.swift; path = transit_safety_appUITests.swift; sourceTree = "<group>"; };
		1A56B48924B5648B00254AC4 /* Info.plist */ = {isa = PBXFileReference; lastKnownFileType = text.plist.xml; path = Info.plist; sourceTree = "<group>"; };
		1A6B700A24CCD81C0074EAB5 /* MotherView.swift */ = {isa = PBXFileReference; lastKnownFileType = sourcecode.swift; path = MotherView.swift; sourceTree = "<group>"; };
		1A6B700C24CCDA0A0074EAB5 /* ViewRouter.swift */ = {isa = PBXFileReference; lastKnownFileType = sourcecode.swift; path = ViewRouter.swift; sourceTree = "<group>"; };
		1A6B701224CE90F70074EAB5 /* MapResult.swift */ = {isa = PBXFileReference; lastKnownFileType = sourcecode.swift; path = MapResult.swift; sourceTree = "<group>"; };
		1A6B701424CE9BC40074EAB5 /* MapResultViewController.swift */ = {isa = PBXFileReference; lastKnownFileType = sourcecode.swift; path = MapResultViewController.swift; sourceTree = "<group>"; };
		1A6B701624CEBA8A0074EAB5 /* SafetyTipsView.swift */ = {isa = PBXFileReference; lastKnownFileType = sourcecode.swift; path = SafetyTipsView.swift; sourceTree = "<group>"; };
		1A6B701824CEBAAF0074EAB5 /* MondayView.swift */ = {isa = PBXFileReference; lastKnownFileType = sourcecode.swift; path = MondayView.swift; sourceTree = "<group>"; };
		2AAF14DEBD254A203245C03B /* Pods_transit_safety_appTests.framework */ = {isa = PBXFileReference; explicitFileType = wrapper.framework; includeInIndex = 0; path = Pods_transit_safety_appTests.framework; sourceTree = BUILT_PRODUCTS_DIR; };
		421161654656A7BEA218088B /* Pods_transit_safety_app.framework */ = {isa = PBXFileReference; explicitFileType = wrapper.framework; includeInIndex = 0; path = Pods_transit_safety_app.framework; sourceTree = BUILT_PRODUCTS_DIR; };
		5103C5902E038EE568DEB833 /* Pods-transit safety app.debug.xcconfig */ = {isa = PBXFileReference; includeInIndex = 1; lastKnownFileType = text.xcconfig; name = "Pods-transit safety app.debug.xcconfig"; path = "Target Support Files/Pods-transit safety app/Pods-transit safety app.debug.xcconfig"; sourceTree = "<group>"; };
		70862A0C24C3C3D900E867C6 /* GoogleService-Info.plist */ = {isa = PBXFileReference; fileEncoding = 4; lastKnownFileType = text.plist.xml; name = "GoogleService-Info.plist"; path = "transit safety app/GoogleService-Info.plist"; sourceTree = "<group>"; };
		70862A1024C3C3E300E867C6 /* GoogleService-Info.plist */ = {isa = PBXFileReference; lastKnownFileType = text.plist.xml; path = "GoogleService-Info.plist"; sourceTree = "<group>"; };
		70862A1624C3C5CD00E867C6 /* MapScreen.swift */ = {isa = PBXFileReference; lastKnownFileType = sourcecode.swift; path = MapScreen.swift; sourceTree = "<group>"; };
		70862A1A24C3C5D900E867C6 /* CreateAccount.swift */ = {isa = PBXFileReference; lastKnownFileType = sourcecode.swift; path = CreateAccount.swift; sourceTree = "<group>"; };
		7C1B1027E250DA05B41154C0 /* Pods-transit safety app.release.xcconfig */ = {isa = PBXFileReference; includeInIndex = 1; lastKnownFileType = text.xcconfig; name = "Pods-transit safety app.release.xcconfig"; path = "Target Support Files/Pods-transit safety app/Pods-transit safety app.release.xcconfig"; sourceTree = "<group>"; };
		7D1117AD69357C48B07EA48C /* Pods-transit safety appTests.release.xcconfig */ = {isa = PBXFileReference; includeInIndex = 1; lastKnownFileType = text.xcconfig; name = "Pods-transit safety appTests.release.xcconfig"; path = "Target Support Files/Pods-transit safety appTests/Pods-transit safety appTests.release.xcconfig"; sourceTree = "<group>"; };
		C183329021505D8D43F7C310 /* Pods-transit safety app-transit safety appUITests.release.xcconfig */ = {isa = PBXFileReference; includeInIndex = 1; lastKnownFileType = text.xcconfig; name = "Pods-transit safety app-transit safety appUITests.release.xcconfig"; path = "Target Support Files/Pods-transit safety app-transit safety appUITests/Pods-transit safety app-transit safety appUITests.release.xcconfig"; sourceTree = "<group>"; };
		C202CB0AAD6721828B3F12A0 /* Pods-transit safety app-transit safety appUITests.debug.xcconfig */ = {isa = PBXFileReference; includeInIndex = 1; lastKnownFileType = text.xcconfig; name = "Pods-transit safety app-transit safety appUITests.debug.xcconfig"; path = "Target Support Files/Pods-transit safety app-transit safety appUITests/Pods-transit safety app-transit safety appUITests.debug.xcconfig"; sourceTree = "<group>"; };
		D0B65FCFB893CD99445B23D7 /* Pods_transit_safety_app_transit_safety_appUITests.framework */ = {isa = PBXFileReference; explicitFileType = wrapper.framework; includeInIndex = 0; path = Pods_transit_safety_app_transit_safety_appUITests.framework; sourceTree = BUILT_PRODUCTS_DIR; };
		DE05B73A5AFC4A8D7B661934 /* Pods-transit safety appTests.debug.xcconfig */ = {isa = PBXFileReference; includeInIndex = 1; lastKnownFileType = text.xcconfig; name = "Pods-transit safety appTests.debug.xcconfig"; path = "Target Support Files/Pods-transit safety appTests/Pods-transit safety appTests.debug.xcconfig"; sourceTree = "<group>"; };
/* End PBXFileReference section */

/* Begin PBXFrameworksBuildPhase section */
		1A56B45F24B5648900254AC4 /* Frameworks */ = {
			isa = PBXFrameworksBuildPhase;
			buildActionMask = 2147483647;
			files = (
				B1D71C8D41D5B1EBF777238D /* Pods_transit_safety_app.framework in Frameworks */,
			);
			runOnlyForDeploymentPostprocessing = 0;
		};
		1A56B47524B5648B00254AC4 /* Frameworks */ = {
			isa = PBXFrameworksBuildPhase;
			buildActionMask = 2147483647;
			files = (
				580A6CE1A7D1431FB6133EC6 /* Pods_transit_safety_appTests.framework in Frameworks */,
			);
			runOnlyForDeploymentPostprocessing = 0;
		};
		1A56B48024B5648B00254AC4 /* Frameworks */ = {
			isa = PBXFrameworksBuildPhase;
			buildActionMask = 2147483647;
			files = (
				C8D5D26D536E08DFC8900045 /* Pods_transit_safety_app_transit_safety_appUITests.framework in Frameworks */,
			);
			runOnlyForDeploymentPostprocessing = 0;
		};
/* End PBXFrameworksBuildPhase section */

/* Begin PBXGroup section */
		1A56B45924B5648900254AC4 = {
			isa = PBXGroup;
			children = (
				70862A0C24C3C3D900E867C6 /* GoogleService-Info.plist */,
				1A56B46424B5648900254AC4 /* transit safety app */,
				1A56B47B24B5648B00254AC4 /* transit safety appTests */,
				1A56B48624B5648B00254AC4 /* transit safety appUITests */,
				1A56B46324B5648900254AC4 /* Products */,
				A47990F596228AB57A876642 /* Pods */,
				523DF9FD7CC51C55FAE55A0E /* Frameworks */,
			);
			sourceTree = "<group>";
		};
		1A56B46324B5648900254AC4 /* Products */ = {
			isa = PBXGroup;
			children = (
				1A56B46224B5648900254AC4 /* transit safety app.app */,
				1A56B47824B5648B00254AC4 /* transit safety appTests.xctest */,
				1A56B48324B5648B00254AC4 /* transit safety appUITests.xctest */,
			);
			name = Products;
			sourceTree = "<group>";
		};
		1A56B46424B5648900254AC4 /* transit safety app */ = {
			isa = PBXGroup;
			children = (
				70862A1024C3C3E300E867C6 /* GoogleService-Info.plist */,
				1A56B46524B5648900254AC4 /* AppDelegate.swift */,
				1A56B46724B5648900254AC4 /* SceneDelegate.swift */,
				1A56B46924B5648900254AC4 /* ContentView.swift */,
				1A6B701824CEBAAF0074EAB5 /* MondayView.swift */,
				1A6B701624CEBA8A0074EAB5 /* SafetyTipsView.swift */,
				1A6B700A24CCD81C0074EAB5 /* MotherView.swift */,
				1A6B700C24CCDA0A0074EAB5 /* ViewRouter.swift */,
				1A56B46B24B5648B00254AC4 /* Assets.xcassets */,
				70862A1624C3C5CD00E867C6 /* MapScreen.swift */,
				1A6B701224CE90F70074EAB5 /* MapResult.swift */,
				1A6B701424CE9BC40074EAB5 /* MapResultViewController.swift */,
				70862A1A24C3C5D900E867C6 /* CreateAccount.swift */,
				1A56B47024B5648B00254AC4 /* LaunchScreen.storyboard */,
				1A56B47324B5648B00254AC4 /* Info.plist */,
				1A56B46D24B5648B00254AC4 /* Preview Content */,
			);
			path = "transit safety app";
			sourceTree = "<group>";
		};
		1A56B46D24B5648B00254AC4 /* Preview Content */ = {
			isa = PBXGroup;
			children = (
				1A56B46E24B5648B00254AC4 /* Preview Assets.xcassets */,
			);
			path = "Preview Content";
			sourceTree = "<group>";
		};
		1A56B47B24B5648B00254AC4 /* transit safety appTests */ = {
			isa = PBXGroup;
			children = (
				1A56B47C24B5648B00254AC4 /* transit_safety_appTests.swift */,
				1A56B47E24B5648B00254AC4 /* Info.plist */,
			);
			path = "transit safety appTests";
			sourceTree = "<group>";
		};
		1A56B48624B5648B00254AC4 /* transit safety appUITests */ = {
			isa = PBXGroup;
			children = (
				1A56B48724B5648B00254AC4 /* transit_safety_appUITests.swift */,
				1A56B48924B5648B00254AC4 /* Info.plist */,
			);
			path = "transit safety appUITests";
			sourceTree = "<group>";
		};
		523DF9FD7CC51C55FAE55A0E /* Frameworks */ = {
			isa = PBXGroup;
			children = (
				421161654656A7BEA218088B /* Pods_transit_safety_app.framework */,
				D0B65FCFB893CD99445B23D7 /* Pods_transit_safety_app_transit_safety_appUITests.framework */,
				2AAF14DEBD254A203245C03B /* Pods_transit_safety_appTests.framework */,
			);
			name = Frameworks;
			sourceTree = "<group>";
		};
		A47990F596228AB57A876642 /* Pods */ = {
			isa = PBXGroup;
			children = (
				5103C5902E038EE568DEB833 /* Pods-transit safety app.debug.xcconfig */,
				7C1B1027E250DA05B41154C0 /* Pods-transit safety app.release.xcconfig */,
				C202CB0AAD6721828B3F12A0 /* Pods-transit safety app-transit safety appUITests.debug.xcconfig */,
				C183329021505D8D43F7C310 /* Pods-transit safety app-transit safety appUITests.release.xcconfig */,
				DE05B73A5AFC4A8D7B661934 /* Pods-transit safety appTests.debug.xcconfig */,
				7D1117AD69357C48B07EA48C /* Pods-transit safety appTests.release.xcconfig */,
			);
			path = Pods;
			sourceTree = "<group>";
		};
/* End PBXGroup section */

/* Begin PBXNativeTarget section */
		1A56B46124B5648900254AC4 /* transit safety app */ = {
			isa = PBXNativeTarget;
			buildConfigurationList = 1A56B48C24B5648B00254AC4 /* Build configuration list for PBXNativeTarget "transit safety app" */;
			buildPhases = (
				E3C904EE44F75A3BA8B78294 /* [CP] Check Pods Manifest.lock */,
				1A56B45E24B5648900254AC4 /* Sources */,
				1A56B45F24B5648900254AC4 /* Frameworks */,
				1A56B46024B5648900254AC4 /* Resources */,
				81808C14F9241287FA3AA388 /* [CP] Embed Pods Frameworks */,
			);
			buildRules = (
			);
			dependencies = (
			);
			name = "transit safety app";
			productName = "transit safety app";
			productReference = 1A56B46224B5648900254AC4 /* transit safety app.app */;
			productType = "com.apple.product-type.application";
		};
		1A56B47724B5648B00254AC4 /* transit safety appTests */ = {
			isa = PBXNativeTarget;
			buildConfigurationList = 1A56B48F24B5648B00254AC4 /* Build configuration list for PBXNativeTarget "transit safety appTests" */;
			buildPhases = (
				C2959E91D0EFB185A082836E /* [CP] Check Pods Manifest.lock */,
				1A56B47424B5648B00254AC4 /* Sources */,
				1A56B47524B5648B00254AC4 /* Frameworks */,
				1A56B47624B5648B00254AC4 /* Resources */,
			);
			buildRules = (
			);
			dependencies = (
				1A56B47A24B5648B00254AC4 /* PBXTargetDependency */,
			);
			name = "transit safety appTests";
			productName = "transit safety appTests";
			productReference = 1A56B47824B5648B00254AC4 /* transit safety appTests.xctest */;
			productType = "com.apple.product-type.bundle.unit-test";
		};
		1A56B48224B5648B00254AC4 /* transit safety appUITests */ = {
			isa = PBXNativeTarget;
			buildConfigurationList = 1A56B49224B5648B00254AC4 /* Build configuration list for PBXNativeTarget "transit safety appUITests" */;
			buildPhases = (
				19DA7D4A453C8536ED887A5A /* [CP] Check Pods Manifest.lock */,
				1A56B47F24B5648B00254AC4 /* Sources */,
				1A56B48024B5648B00254AC4 /* Frameworks */,
				1A56B48124B5648B00254AC4 /* Resources */,
				96AC9E612243539202BF6C0A /* [CP] Embed Pods Frameworks */,
			);
			buildRules = (
			);
			dependencies = (
				1A56B48524B5648B00254AC4 /* PBXTargetDependency */,
			);
			name = "transit safety appUITests";
			productName = "transit safety appUITests";
			productReference = 1A56B48324B5648B00254AC4 /* transit safety appUITests.xctest */;
			productType = "com.apple.product-type.bundle.ui-testing";
		};
/* End PBXNativeTarget section */

/* Begin PBXProject section */
		1A56B45A24B5648900254AC4 /* Project object */ = {
			isa = PBXProject;
			attributes = {
				LastSwiftUpdateCheck = 1150;
				LastUpgradeCheck = 1150;
				ORGANIZATIONNAME = "Shannon Jin";
				TargetAttributes = {
					1A56B46124B5648900254AC4 = {
						CreatedOnToolsVersion = 11.5;
					};
					1A56B47724B5648B00254AC4 = {
						CreatedOnToolsVersion = 11.5;
						TestTargetID = 1A56B46124B5648900254AC4;
					};
					1A56B48224B5648B00254AC4 = {
						CreatedOnToolsVersion = 11.5;
						TestTargetID = 1A56B46124B5648900254AC4;
					};
				};
			};
			buildConfigurationList = 1A56B45D24B5648900254AC4 /* Build configuration list for PBXProject "transit safety app" */;
			compatibilityVersion = "Xcode 9.3";
			developmentRegion = en;
			hasScannedForEncodings = 0;
			knownRegions = (
				en,
				Base,
			);
			mainGroup = 1A56B45924B5648900254AC4;
			productRefGroup = 1A56B46324B5648900254AC4 /* Products */;
			projectDirPath = "";
			projectRoot = "";
			targets = (
				1A56B46124B5648900254AC4 /* transit safety app */,
				1A56B47724B5648B00254AC4 /* transit safety appTests */,
				1A56B48224B5648B00254AC4 /* transit safety appUITests */,
			);
		};
/* End PBXProject section */

/* Begin PBXResourcesBuildPhase section */
		1A56B46024B5648900254AC4 /* Resources */ = {
			isa = PBXResourcesBuildPhase;
			buildActionMask = 2147483647;
			files = (
				1A56B47224B5648B00254AC4 /* LaunchScreen.storyboard in Resources */,
				70862A0D24C3C3D900E867C6 /* GoogleService-Info.plist in Resources */,
				1A56B46F24B5648B00254AC4 /* Preview Assets.xcassets in Resources */,
				1A56B46C24B5648B00254AC4 /* Assets.xcassets in Resources */,
			);
			runOnlyForDeploymentPostprocessing = 0;
		};
		1A56B47624B5648B00254AC4 /* Resources */ = {
			isa = PBXResourcesBuildPhase;
			buildActionMask = 2147483647;
			files = (
				70862A0E24C3C3D900E867C6 /* GoogleService-Info.plist in Resources */,
			);
			runOnlyForDeploymentPostprocessing = 0;
		};
		1A56B48124B5648B00254AC4 /* Resources */ = {
			isa = PBXResourcesBuildPhase;
			buildActionMask = 2147483647;
			files = (
				70862A0F24C3C3D900E867C6 /* GoogleService-Info.plist in Resources */,
			);
			runOnlyForDeploymentPostprocessing = 0;
		};
/* End PBXResourcesBuildPhase section */

/* Begin PBXShellScriptBuildPhase section */
		19DA7D4A453C8536ED887A5A /* [CP] Check Pods Manifest.lock */ = {
			isa = PBXShellScriptBuildPhase;
			buildActionMask = 2147483647;
			files = (
			);
			inputFileListPaths = (
			);
			inputPaths = (
				"${PODS_PODFILE_DIR_PATH}/Podfile.lock",
				"${PODS_ROOT}/Manifest.lock",
			);
			name = "[CP] Check Pods Manifest.lock";
			outputFileListPaths = (
			);
			outputPaths = (
				"$(DERIVED_FILE_DIR)/Pods-transit safety app-transit safety appUITests-checkManifestLockResult.txt",
			);
			runOnlyForDeploymentPostprocessing = 0;
			shellPath = /bin/sh;
			shellScript = "diff \"${PODS_PODFILE_DIR_PATH}/Podfile.lock\" \"${PODS_ROOT}/Manifest.lock\" > /dev/null\nif [ $? != 0 ] ; then\n    # print error to STDERR\n    echo \"error: The sandbox is not in sync with the Podfile.lock. Run 'pod install' or update your CocoaPods installation.\" >&2\n    exit 1\nfi\n# This output is used by Xcode 'outputs' to avoid re-running this script phase.\necho \"SUCCESS\" > \"${SCRIPT_OUTPUT_FILE_0}\"\n";
			showEnvVarsInLog = 0;
		};
		81808C14F9241287FA3AA388 /* [CP] Embed Pods Frameworks */ = {
			isa = PBXShellScriptBuildPhase;
			buildActionMask = 2147483647;
			files = (
			);
			inputFileListPaths = (
				"${PODS_ROOT}/Target Support Files/Pods-transit safety app/Pods-transit safety app-frameworks-${CONFIGURATION}-input-files.xcfilelist",
			);
			name = "[CP] Embed Pods Frameworks";
			outputFileListPaths = (
				"${PODS_ROOT}/Target Support Files/Pods-transit safety app/Pods-transit safety app-frameworks-${CONFIGURATION}-output-files.xcfilelist",
			);
			runOnlyForDeploymentPostprocessing = 0;
			shellPath = /bin/sh;
			shellScript = "\"${PODS_ROOT}/Target Support Files/Pods-transit safety app/Pods-transit safety app-frameworks.sh\"\n";
			showEnvVarsInLog = 0;
		};
		96AC9E612243539202BF6C0A /* [CP] Embed Pods Frameworks */ = {
			isa = PBXShellScriptBuildPhase;
			buildActionMask = 2147483647;
			files = (
			);
			inputFileListPaths = (
				"${PODS_ROOT}/Target Support Files/Pods-transit safety app-transit safety appUITests/Pods-transit safety app-transit safety appUITests-frameworks-${CONFIGURATION}-input-files.xcfilelist",
			);
			name = "[CP] Embed Pods Frameworks";
			outputFileListPaths = (
				"${PODS_ROOT}/Target Support Files/Pods-transit safety app-transit safety appUITests/Pods-transit safety app-transit safety appUITests-frameworks-${CONFIGURATION}-output-files.xcfilelist",
			);
			runOnlyForDeploymentPostprocessing = 0;
			shellPath = /bin/sh;
			shellScript = "\"${PODS_ROOT}/Target Support Files/Pods-transit safety app-transit safety appUITests/Pods-transit safety app-transit safety appUITests-frameworks.sh\"\n";
			showEnvVarsInLog = 0;
		};
		C2959E91D0EFB185A082836E /* [CP] Check Pods Manifest.lock */ = {
			isa = PBXShellScriptBuildPhase;
			buildActionMask = 2147483647;
			files = (
			);
			inputFileListPaths = (
			);
			inputPaths = (
				"${PODS_PODFILE_DIR_PATH}/Podfile.lock",
				"${PODS_ROOT}/Manifest.lock",
			);
			name = "[CP] Check Pods Manifest.lock";
			outputFileListPaths = (
			);
			outputPaths = (
				"$(DERIVED_FILE_DIR)/Pods-transit safety appTests-checkManifestLockResult.txt",
			);
			runOnlyForDeploymentPostprocessing = 0;
			shellPath = /bin/sh;
			shellScript = "diff \"${PODS_PODFILE_DIR_PATH}/Podfile.lock\" \"${PODS_ROOT}/Manifest.lock\" > /dev/null\nif [ $? != 0 ] ; then\n    # print error to STDERR\n    echo \"error: The sandbox is not in sync with the Podfile.lock. Run 'pod install' or update your CocoaPods installation.\" >&2\n    exit 1\nfi\n# This output is used by Xcode 'outputs' to avoid re-running this script phase.\necho \"SUCCESS\" > \"${SCRIPT_OUTPUT_FILE_0}\"\n";
			showEnvVarsInLog = 0;
		};
		E3C904EE44F75A3BA8B78294 /* [CP] Check Pods Manifest.lock */ = {
			isa = PBXShellScriptBuildPhase;
			buildActionMask = 2147483647;
			files = (
			);
			inputFileListPaths = (
			);
			inputPaths = (
				"${PODS_PODFILE_DIR_PATH}/Podfile.lock",
				"${PODS_ROOT}/Manifest.lock",
			);
			name = "[CP] Check Pods Manifest.lock";
			outputFileListPaths = (
			);
			outputPaths = (
				"$(DERIVED_FILE_DIR)/Pods-transit safety app-checkManifestLockResult.txt",
			);
			runOnlyForDeploymentPostprocessing = 0;
			shellPath = /bin/sh;
			shellScript = "diff \"${PODS_PODFILE_DIR_PATH}/Podfile.lock\" \"${PODS_ROOT}/Manifest.lock\" > /dev/null\nif [ $? != 0 ] ; then\n    # print error to STDERR\n    echo \"error: The sandbox is not in sync with the Podfile.lock. Run 'pod install' or update your CocoaPods installation.\" >&2\n    exit 1\nfi\n# This output is used by Xcode 'outputs' to avoid re-running this script phase.\necho \"SUCCESS\" > \"${SCRIPT_OUTPUT_FILE_0}\"\n";
			showEnvVarsInLog = 0;
		};
/* End PBXShellScriptBuildPhase section */

/* Begin PBXSourcesBuildPhase section */
		1A56B45E24B5648900254AC4 /* Sources */ = {
			isa = PBXSourcesBuildPhase;
			buildActionMask = 2147483647;
			files = (
				70862A1724C3C5CD00E867C6 /* MapScreen.swift in Sources */,
				1A6B701724CEBA8A0074EAB5 /* SafetyTipsView.swift in Sources */,
				1A6B700D24CCDA0A0074EAB5 /* ViewRouter.swift in Sources */,
				1A6B700B24CCD81C0074EAB5 /* MotherView.swift in Sources */,
				1A56B46624B5648900254AC4 /* AppDelegate.swift in Sources */,
				70862A1B24C3C5D900E867C6 /* CreateAccount.swift in Sources */,
				1A6B701924CEBAAF0074EAB5 /* MondayView.swift in Sources */,
				1A56B46824B5648900254AC4 /* SceneDelegate.swift in Sources */,
				1A6B701524CE9BC40074EAB5 /* MapResultViewController.swift in Sources */,
				1A56B46A24B5648900254AC4 /* ContentView.swift in Sources */,
				1A6B701324CE90F70074EAB5 /* MapResult.swift in Sources */,
			);
			runOnlyForDeploymentPostprocessing = 0;
		};
		1A56B47424B5648B00254AC4 /* Sources */ = {
			isa = PBXSourcesBuildPhase;
			buildActionMask = 2147483647;
			files = (
				70862A1824C3C5CD00E867C6 /* MapScreen.swift in Sources */,
				70862A1C24C3C5D900E867C6 /* CreateAccount.swift in Sources */,
				1A56B47D24B5648B00254AC4 /* transit_safety_appTests.swift in Sources */,
			);
			runOnlyForDeploymentPostprocessing = 0;
		};
		1A56B47F24B5648B00254AC4 /* Sources */ = {
			isa = PBXSourcesBuildPhase;
			buildActionMask = 2147483647;
			files = (
				70862A1924C3C5CD00E867C6 /* MapScreen.swift in Sources */,
				70862A1D24C3C5D900E867C6 /* CreateAccount.swift in Sources */,
				1A56B48824B5648B00254AC4 /* transit_safety_appUITests.swift in Sources */,
			);
			runOnlyForDeploymentPostprocessing = 0;
		};
/* End PBXSourcesBuildPhase section */

/* Begin PBXTargetDependency section */
		1A56B47A24B5648B00254AC4 /* PBXTargetDependency */ = {
			isa = PBXTargetDependency;
			target = 1A56B46124B5648900254AC4 /* transit safety app */;
			targetProxy = 1A56B47924B5648B00254AC4 /* PBXContainerItemProxy */;
		};
		1A56B48524B5648B00254AC4 /* PBXTargetDependency */ = {
			isa = PBXTargetDependency;
			target = 1A56B46124B5648900254AC4 /* transit safety app */;
			targetProxy = 1A56B48424B5648B00254AC4 /* PBXContainerItemProxy */;
		};
/* End PBXTargetDependency section */

/* Begin PBXVariantGroup section */
		1A56B47024B5648B00254AC4 /* LaunchScreen.storyboard */ = {
			isa = PBXVariantGroup;
			children = (
				1A56B47124B5648B00254AC4 /* Base */,
			);
			name = LaunchScreen.storyboard;
			sourceTree = "<group>";
		};
/* End PBXVariantGroup section */

/* Begin XCBuildConfiguration section */
		1A56B48A24B5648B00254AC4 /* Debug */ = {
			isa = XCBuildConfiguration;
			buildSettings = {
				ALWAYS_SEARCH_USER_PATHS = NO;
				CLANG_ANALYZER_NONNULL = YES;
				CLANG_ANALYZER_NUMBER_OBJECT_CONVERSION = YES_AGGRESSIVE;
				CLANG_CXX_LANGUAGE_STANDARD = "gnu++14";
				CLANG_CXX_LIBRARY = "libc++";
				CLANG_ENABLE_MODULES = YES;
				CLANG_ENABLE_OBJC_ARC = YES;
				CLANG_ENABLE_OBJC_WEAK = YES;
				CLANG_WARN_BLOCK_CAPTURE_AUTORELEASING = YES;
				CLANG_WARN_BOOL_CONVERSION = YES;
				CLANG_WARN_COMMA = YES;
				CLANG_WARN_CONSTANT_CONVERSION = YES;
				CLANG_WARN_DEPRECATED_OBJC_IMPLEMENTATIONS = YES;
				CLANG_WARN_DIRECT_OBJC_ISA_USAGE = YES_ERROR;
				CLANG_WARN_DOCUMENTATION_COMMENTS = YES;
				CLANG_WARN_EMPTY_BODY = YES;
				CLANG_WARN_ENUM_CONVERSION = YES;
				CLANG_WARN_INFINITE_RECURSION = YES;
				CLANG_WARN_INT_CONVERSION = YES;
				CLANG_WARN_NON_LITERAL_NULL_CONVERSION = YES;
				CLANG_WARN_OBJC_IMPLICIT_RETAIN_SELF = YES;
				CLANG_WARN_OBJC_LITERAL_CONVERSION = YES;
				CLANG_WARN_OBJC_ROOT_CLASS = YES_ERROR;
				CLANG_WARN_RANGE_LOOP_ANALYSIS = YES;
				CLANG_WARN_STRICT_PROTOTYPES = YES;
				CLANG_WARN_SUSPICIOUS_MOVE = YES;
				CLANG_WARN_UNGUARDED_AVAILABILITY = YES_AGGRESSIVE;
				CLANG_WARN_UNREACHABLE_CODE = YES;
				CLANG_WARN__DUPLICATE_METHOD_MATCH = YES;
				COPY_PHASE_STRIP = NO;
				DEBUG_INFORMATION_FORMAT = dwarf;
				ENABLE_STRICT_OBJC_MSGSEND = YES;
				ENABLE_TESTABILITY = YES;
				GCC_C_LANGUAGE_STANDARD = gnu11;
				GCC_DYNAMIC_NO_PIC = NO;
				GCC_NO_COMMON_BLOCKS = YES;
				GCC_OPTIMIZATION_LEVEL = 0;
				GCC_PREPROCESSOR_DEFINITIONS = (
					"DEBUG=1",
					"$(inherited)",
				);
				GCC_WARN_64_TO_32_BIT_CONVERSION = YES;
				GCC_WARN_ABOUT_RETURN_TYPE = YES_ERROR;
				GCC_WARN_UNDECLARED_SELECTOR = YES;
				GCC_WARN_UNINITIALIZED_AUTOS = YES_AGGRESSIVE;
				GCC_WARN_UNUSED_FUNCTION = YES;
				GCC_WARN_UNUSED_VARIABLE = YES;
				IPHONEOS_DEPLOYMENT_TARGET = 13.5;
				MTL_ENABLE_DEBUG_INFO = INCLUDE_SOURCE;
				MTL_FAST_MATH = YES;
				ONLY_ACTIVE_ARCH = YES;
				SDKROOT = iphoneos;
				SWIFT_ACTIVE_COMPILATION_CONDITIONS = DEBUG;
				SWIFT_OPTIMIZATION_LEVEL = "-Onone";
			};
			name = Debug;
		};
		1A56B48B24B5648B00254AC4 /* Release */ = {
			isa = XCBuildConfiguration;
			buildSettings = {
				ALWAYS_SEARCH_USER_PATHS = NO;
				CLANG_ANALYZER_NONNULL = YES;
				CLANG_ANALYZER_NUMBER_OBJECT_CONVERSION = YES_AGGRESSIVE;
				CLANG_CXX_LANGUAGE_STANDARD = "gnu++14";
				CLANG_CXX_LIBRARY = "libc++";
				CLANG_ENABLE_MODULES = YES;
				CLANG_ENABLE_OBJC_ARC = YES;
				CLANG_ENABLE_OBJC_WEAK = YES;
				CLANG_WARN_BLOCK_CAPTURE_AUTORELEASING = YES;
				CLANG_WARN_BOOL_CONVERSION = YES;
				CLANG_WARN_COMMA = YES;
				CLANG_WARN_CONSTANT_CONVERSION = YES;
				CLANG_WARN_DEPRECATED_OBJC_IMPLEMENTATIONS = YES;
				CLANG_WARN_DIRECT_OBJC_ISA_USAGE = YES_ERROR;
				CLANG_WARN_DOCUMENTATION_COMMENTS = YES;
				CLANG_WARN_EMPTY_BODY = YES;
				CLANG_WARN_ENUM_CONVERSION = YES;
				CLANG_WARN_INFINITE_RECURSION = YES;
				CLANG_WARN_INT_CONVERSION = YES;
				CLANG_WARN_NON_LITERAL_NULL_CONVERSION = YES;
				CLANG_WARN_OBJC_IMPLICIT_RETAIN_SELF = YES;
				CLANG_WARN_OBJC_LITERAL_CONVERSION = YES;
				CLANG_WARN_OBJC_ROOT_CLASS = YES_ERROR;
				CLANG_WARN_RANGE_LOOP_ANALYSIS = YES;
				CLANG_WARN_STRICT_PROTOTYPES = YES;
				CLANG_WARN_SUSPICIOUS_MOVE = YES;
				CLANG_WARN_UNGUARDED_AVAILABILITY = YES_AGGRESSIVE;
				CLANG_WARN_UNREACHABLE_CODE = YES;
				CLANG_WARN__DUPLICATE_METHOD_MATCH = YES;
				COPY_PHASE_STRIP = NO;
				DEBUG_INFORMATION_FORMAT = "dwarf-with-dsym";
				ENABLE_NS_ASSERTIONS = NO;
				ENABLE_STRICT_OBJC_MSGSEND = YES;
				GCC_C_LANGUAGE_STANDARD = gnu11;
				GCC_NO_COMMON_BLOCKS = YES;
				GCC_WARN_64_TO_32_BIT_CONVERSION = YES;
				GCC_WARN_ABOUT_RETURN_TYPE = YES_ERROR;
				GCC_WARN_UNDECLARED_SELECTOR = YES;
				GCC_WARN_UNINITIALIZED_AUTOS = YES_AGGRESSIVE;
				GCC_WARN_UNUSED_FUNCTION = YES;
				GCC_WARN_UNUSED_VARIABLE = YES;
				IPHONEOS_DEPLOYMENT_TARGET = 13.5;
				MTL_ENABLE_DEBUG_INFO = NO;
				MTL_FAST_MATH = YES;
				SDKROOT = iphoneos;
				SWIFT_COMPILATION_MODE = wholemodule;
				SWIFT_OPTIMIZATION_LEVEL = "-O";
				VALIDATE_PRODUCT = YES;
			};
			name = Release;
		};
		1A56B48D24B5648B00254AC4 /* Debug */ = {
			isa = XCBuildConfiguration;
			baseConfigurationReference = 5103C5902E038EE568DEB833 /* Pods-transit safety app.debug.xcconfig */;
			buildSettings = {
				ASSETCATALOG_COMPILER_APPICON_NAME = AppIcon;
				CODE_SIGN_STYLE = Automatic;
				DEVELOPMENT_ASSET_PATHS = "\"transit safety app/Preview Content\"";
				ENABLE_PREVIEWS = YES;
				INFOPLIST_FILE = "transit safety app/Info.plist";
				LD_RUNPATH_SEARCH_PATHS = (
					"$(inherited)",
					"@executable_path/Frameworks",
				);
				PRODUCT_BUNDLE_IDENTIFIER = "sj2802-oh2212-lk2763-kl3091.transit-safety-app";
				PRODUCT_NAME = "$(TARGET_NAME)";
				SWIFT_VERSION = 5.0;
				TARGETED_DEVICE_FAMILY = "1,2";
			};
			name = Debug;
		};
		1A56B48E24B5648B00254AC4 /* Release */ = {
			isa = XCBuildConfiguration;
			baseConfigurationReference = 7C1B1027E250DA05B41154C0 /* Pods-transit safety app.release.xcconfig */;
			buildSettings = {
				ASSETCATALOG_COMPILER_APPICON_NAME = AppIcon;
				CODE_SIGN_STYLE = Automatic;
				DEVELOPMENT_ASSET_PATHS = "\"transit safety app/Preview Content\"";
				ENABLE_PREVIEWS = YES;
				INFOPLIST_FILE = "transit safety app/Info.plist";
				LD_RUNPATH_SEARCH_PATHS = (
					"$(inherited)",
					"@executable_path/Frameworks",
				);
				PRODUCT_BUNDLE_IDENTIFIER = "sj2802-oh2212-lk2763-kl3091.transit-safety-app";
				PRODUCT_NAME = "$(TARGET_NAME)";
				SWIFT_VERSION = 5.0;
				TARGETED_DEVICE_FAMILY = "1,2";
			};
			name = Release;
		};
		1A56B49024B5648B00254AC4 /* Debug */ = {
			isa = XCBuildConfiguration;
			baseConfigurationReference = DE05B73A5AFC4A8D7B661934 /* Pods-transit safety appTests.debug.xcconfig */;
			buildSettings = {
				ALWAYS_EMBED_SWIFT_STANDARD_LIBRARIES = YES;
				BUNDLE_LOADER = "$(TEST_HOST)";
				CODE_SIGN_STYLE = Automatic;
				INFOPLIST_FILE = "transit safety appTests/Info.plist";
				IPHONEOS_DEPLOYMENT_TARGET = 13.5;
				LD_RUNPATH_SEARCH_PATHS = (
					"$(inherited)",
					"@executable_path/Frameworks",
					"@loader_path/Frameworks",
				);
				PRODUCT_BUNDLE_IDENTIFIER = "sj2802.transit-safety-appTests";
				PRODUCT_NAME = "$(TARGET_NAME)";
				SWIFT_VERSION = 5.0;
				TARGETED_DEVICE_FAMILY = "1,2";
				TEST_HOST = "$(BUILT_PRODUCTS_DIR)/transit safety app.app/transit safety app";
			};
			name = Debug;
		};
		1A56B49124B5648B00254AC4 /* Release */ = {
			isa = XCBuildConfiguration;
			baseConfigurationReference = 7D1117AD69357C48B07EA48C /* Pods-transit safety appTests.release.xcconfig */;
			buildSettings = {
				ALWAYS_EMBED_SWIFT_STANDARD_LIBRARIES = YES;
				BUNDLE_LOADER = "$(TEST_HOST)";
				CODE_SIGN_STYLE = Automatic;
				INFOPLIST_FILE = "transit safety appTests/Info.plist";
				IPHONEOS_DEPLOYMENT_TARGET = 13.5;
				LD_RUNPATH_SEARCH_PATHS = (
					"$(inherited)",
					"@executable_path/Frameworks",
					"@loader_path/Frameworks",
				);
				PRODUCT_BUNDLE_IDENTIFIER = "sj2802.transit-safety-appTests";
				PRODUCT_NAME = "$(TARGET_NAME)";
				SWIFT_VERSION = 5.0;
				TARGETED_DEVICE_FAMILY = "1,2";
				TEST_HOST = "$(BUILT_PRODUCTS_DIR)/transit safety app.app/transit safety app";
			};
			name = Release;
		};
		1A56B49324B5648B00254AC4 /* Debug */ = {
			isa = XCBuildConfiguration;
			baseConfigurationReference = C202CB0AAD6721828B3F12A0 /* Pods-transit safety app-transit safety appUITests.debug.xcconfig */;
			buildSettings = {
				ALWAYS_EMBED_SWIFT_STANDARD_LIBRARIES = YES;
				CODE_SIGN_STYLE = Automatic;
				INFOPLIST_FILE = "transit safety appUITests/Info.plist";
				LD_RUNPATH_SEARCH_PATHS = (
					"$(inherited)",
					"@executable_path/Frameworks",
					"@loader_path/Frameworks",
				);
				PRODUCT_BUNDLE_IDENTIFIER = "sj2802.transit-safety-appUITests";
				PRODUCT_NAME = "$(TARGET_NAME)";
				SWIFT_VERSION = 5.0;
				TARGETED_DEVICE_FAMILY = "1,2";
				TEST_TARGET_NAME = "transit safety app";
			};
			name = Debug;
		};
		1A56B49424B5648B00254AC4 /* Release */ = {
			isa = XCBuildConfiguration;
			baseConfigurationReference = C183329021505D8D43F7C310 /* Pods-transit safety app-transit safety appUITests.release.xcconfig */;
			buildSettings = {
				ALWAYS_EMBED_SWIFT_STANDARD_LIBRARIES = YES;
				CODE_SIGN_STYLE = Automatic;
				INFOPLIST_FILE = "transit safety appUITests/Info.plist";
				LD_RUNPATH_SEARCH_PATHS = (
					"$(inherited)",
					"@executable_path/Frameworks",
					"@loader_path/Frameworks",
				);
				PRODUCT_BUNDLE_IDENTIFIER = "sj2802.transit-safety-appUITests";
				PRODUCT_NAME = "$(TARGET_NAME)";
				SWIFT_VERSION = 5.0;
				TARGETED_DEVICE_FAMILY = "1,2";
				TEST_TARGET_NAME = "transit safety app";
			};
			name = Release;
		};
/* End XCBuildConfiguration section */

/* Begin XCConfigurationList section */
		1A56B45D24B5648900254AC4 /* Build configuration list for PBXProject "transit safety app" */ = {
			isa = XCConfigurationList;
			buildConfigurations = (
				1A56B48A24B5648B00254AC4 /* Debug */,
				1A56B48B24B5648B00254AC4 /* Release */,
			);
			defaultConfigurationIsVisible = 0;
			defaultConfigurationName = Release;
		};
		1A56B48C24B5648B00254AC4 /* Build configuration list for PBXNativeTarget "transit safety app" */ = {
			isa = XCConfigurationList;
			buildConfigurations = (
				1A56B48D24B5648B00254AC4 /* Debug */,
				1A56B48E24B5648B00254AC4 /* Release */,
			);
			defaultConfigurationIsVisible = 0;
			defaultConfigurationName = Release;
		};
		1A56B48F24B5648B00254AC4 /* Build configuration list for PBXNativeTarget "transit safety appTests" */ = {
			isa = XCConfigurationList;
			buildConfigurations = (
				1A56B49024B5648B00254AC4 /* Debug */,
				1A56B49124B5648B00254AC4 /* Release */,
			);
			defaultConfigurationIsVisible = 0;
			defaultConfigurationName = Release;
		};
		1A56B49224B5648B00254AC4 /* Build configuration list for PBXNativeTarget "transit safety appUITests" */ = {
			isa = XCConfigurationList;
			buildConfigurations = (
				1A56B49324B5648B00254AC4 /* Debug */,
				1A56B49424B5648B00254AC4 /* Release */,
			);
			defaultConfigurationIsVisible = 0;
			defaultConfigurationName = Release;
		};
/* End XCConfigurationList section */
	};
	rootObject = 1A56B45A24B5648900254AC4 /* Project object */;
}
